
Microsoft Visual Studio Solution File, Format Version 12.00
# Visual Studio 14
VisualStudioVersion = 14.0.25420.1
MinimumVisualStudioVersion = 10.0.40219.1
Project("{8BC9CEB8-8B4A-11D0-8D11-00A0C91BC942}") = "hdhomerundvr", "src\hdhomerundvr.vcxproj", "{5B5A17F1-4312-4A64-A796-2818CE0906B4}"
	ProjectSection(ProjectDependencies) = postProject
		{3F7B8BC6-FA0C-4E08-8F7E-D6CD97E7581B} = {3F7B8BC6-FA0C-4E08-8F7E-D6CD97E7581B}
	EndProjectSection
EndProject
Project("{2150E333-8FDC-42A3-9474-1A3956D46DE8}") = "Solution Items", "Solution Items", "{BC723F63-F0D7-4CC4-8789-D6A7DD8AA6E1}"
	ProjectSection(SolutionItems) = preProject
		Android.mk = Android.mk
		Application.mk = Application.mk
		LICENSE = LICENSE
		msbuild.proj = msbuild.proj
		README.md = README.md
	EndProjectSection
EndProject
Project("{2150E333-8FDC-42A3-9474-1A3956D46DE8}") = "pvr.hdhomerundvr", "pvr.hdhomerundvr", "{ADB6AA8A-8216-4963-8E01-B8439B5C3FAF}"
	ProjectSection(SolutionItems) = preProject
		pvr.hdhomerundvr\.nomedia = pvr.hdhomerundvr\.nomedia
		pvr.hdhomerundvr\changelog.txt = pvr.hdhomerundvr\changelog.txt
	EndProjectSection
EndProject
Project("{2150E333-8FDC-42A3-9474-1A3956D46DE8}") = "resources", "resources", "{AE3C3D3D-5525-4E65-9944-3CFF8718778F}"
	ProjectSection(SolutionItems) = preProject
		pvr.hdhomerundvr\resources\icon.png = pvr.hdhomerundvr\resources\icon.png
		pvr.hdhomerundvr\resources\settings.xml = pvr.hdhomerundvr\resources\settings.xml
	EndProjectSection
EndProject
Project("{2150E333-8FDC-42A3-9474-1A3956D46DE8}") = "language", "language", "{AB93AD67-82B8-4012-9299-C301D583CAE2}"
EndProject
Project("{2150E333-8FDC-42A3-9474-1A3956D46DE8}") = "resource.language.en_gb", "resource.language.en_gb", "{A32210DB-B4C6-410C-8B9D-5B4BE3CA5A2E}"
	ProjectSection(SolutionItems) = preProject
		pvr.hdhomerundvr\resources\language\resource.language.en_gb\strings.po = pvr.hdhomerundvr\resources\language\resource.language.en_gb\strings.po
	EndProjectSection
EndProject
Project("{8BC9CEB8-8B4A-11D0-8D11-00A0C91BC942}") = "version", "src\version.vcxproj", "{3F7B8BC6-FA0C-4E08-8F7E-D6CD97E7581B}"
EndProject
Project("{8BC9CEB8-8B4A-11D0-8D11-00A0C91BC942}") = "sqlite3", "src\sqlite3.vcxproj", "{B43F7D9E-C32E-4D8A-B394-6D4E4778A7F5}"
EndProject
Project("{2150E333-8FDC-42A3-9474-1A3956D46DE8}") = "manifest", "manifest", "{03E257C2-B115-4D59-AB37-DB0AD52F5366}"
	ProjectSection(SolutionItems) = preProject
		manifest\android-aarch64.manifest = manifest\android-aarch64.manifest
		manifest\android-arm.manifest = manifest\android-arm.manifest
		manifest\android-x86.manifest = manifest\android-x86.manifest
		manifest\linux-aarch64.manifest = manifest\linux-aarch64.manifest
		manifest\linux-armel.manifest = manifest\linux-armel.manifest
		manifest\linux-armhf.manifest = manifest\linux-armhf.manifest
		manifest\linux-i686.manifest = manifest\linux-i686.manifest
		manifest\linux-x86_64.manifest = manifest\linux-x86_64.manifest
		manifest\windows-win32.manifest = manifest\windows-win32.manifest
		manifest\windows-x64.manifest = manifest\windows-x64.manifest
	EndProjectSection
EndProject
Global
	GlobalSection(SolutionConfigurationPlatforms) = preSolution
		Debug|Win32 = Debug|Win32
		Debug|x64 = Debug|x64
		Release|Win32 = Release|Win32
		Release|x64 = Release|x64
	EndGlobalSection
	GlobalSection(ProjectConfigurationPlatforms) = postSolution
		{5B5A17F1-4312-4A64-A796-2818CE0906B4}.Debug|Win32.ActiveCfg = Debug|Win32
		{5B5A17F1-4312-4A64-A796-2818CE0906B4}.Debug|Win32.Build.0 = Debug|Win32
		{5B5A17F1-4312-4A64-A796-2818CE0906B4}.Debug|x64.ActiveCfg = Debug|x64
		{5B5A17F1-4312-4A64-A796-2818CE0906B4}.Debug|x64.Build.0 = Debug|x64
		{5B5A17F1-4312-4A64-A796-2818CE0906B4}.Release|Win32.ActiveCfg = Release|Win32
		{5B5A17F1-4312-4A64-A796-2818CE0906B4}.Release|Win32.Build.0 = Release|Win32
		{5B5A17F1-4312-4A64-A796-2818CE0906B4}.Release|x64.ActiveCfg = Release|x64
		{5B5A17F1-4312-4A64-A796-2818CE0906B4}.Release|x64.Build.0 = Release|x64
		{3F7B8BC6-FA0C-4E08-8F7E-D6CD97E7581B}.Debug|Win32.ActiveCfg = Debug|Win32
		{3F7B8BC6-FA0C-4E08-8F7E-D6CD97E7581B}.Debug|Win32.Build.0 = Debug|Win32
		{3F7B8BC6-FA0C-4E08-8F7E-D6CD97E7581B}.Debug|x64.ActiveCfg = Debug|Win32
		{3F7B8BC6-FA0C-4E08-8F7E-D6CD97E7581B}.Debug|x64.Build.0 = Debug|Win32
		{3F7B8BC6-FA0C-4E08-8F7E-D6CD97E7581B}.Release|Win32.ActiveCfg = Release|Win32
		{3F7B8BC6-FA0C-4E08-8F7E-D6CD97E7581B}.Release|Win32.Build.0 = Release|Win32
		{3F7B8BC6-FA0C-4E08-8F7E-D6CD97E7581B}.Release|x64.ActiveCfg = Release|Win32
		{3F7B8BC6-FA0C-4E08-8F7E-D6CD97E7581B}.Release|x64.Build.0 = Release|Win32
		{B43F7D9E-C32E-4D8A-B394-6D4E4778A7F5}.Debug|Win32.ActiveCfg = Debug|Win32
		{B43F7D9E-C32E-4D8A-B394-6D4E4778A7F5}.Debug|Win32.Build.0 = Debug|Win32
		{B43F7D9E-C32E-4D8A-B394-6D4E4778A7F5}.Debug|x64.ActiveCfg = Debug|x64
		{B43F7D9E-C32E-4D8A-B394-6D4E4778A7F5}.Debug|x64.Build.0 = Debug|x64
		{B43F7D9E-C32E-4D8A-B394-6D4E4778A7F5}.Release|Win32.ActiveCfg = Release|Win32
		{B43F7D9E-C32E-4D8A-B394-6D4E4778A7F5}.Release|Win32.Build.0 = Release|Win32
		{B43F7D9E-C32E-4D8A-B394-6D4E4778A7F5}.Release|x64.ActiveCfg = Release|x64
		{B43F7D9E-C32E-4D8A-B394-6D4E4778A7F5}.Release|x64.Build.0 = Release|x64
	EndGlobalSection
	GlobalSection(SolutionProperties) = preSolution
		HideSolutionNode = FALSE
	EndGlobalSection
	GlobalSection(NestedProjects) = preSolution
		{ADB6AA8A-8216-4963-8E01-B8439B5C3FAF} = {BC723F63-F0D7-4CC4-8789-D6A7DD8AA6E1}
		{AE3C3D3D-5525-4E65-9944-3CFF8718778F} = {ADB6AA8A-8216-4963-8E01-B8439B5C3FAF}
		{AB93AD67-82B8-4012-9299-C301D583CAE2} = {AE3C3D3D-5525-4E65-9944-3CFF8718778F}
		{A32210DB-B4C6-410C-8B9D-5B4BE3CA5A2E} = {AB93AD67-82B8-4012-9299-C301D583CAE2}
		{03E257C2-B115-4D59-AB37-DB0AD52F5366} = {BC723F63-F0D7-4CC4-8789-D6A7DD8AA6E1}
	EndGlobalSection
EndGlobal
