
Microsoft Visual Studio Solution File, Format Version 12.00
# Visual Studio 14
VisualStudioVersion = 14.0.25420.1
MinimumVisualStudioVersion = 10.0.40219.1
Project("{8BC9CEB8-8B4A-11D0-8D11-00A0C91BC942}") = "hdhomerundvr", "src\hdhomerundvr.vcxproj", "{5B5A17F1-4312-4A64-A796-2818CE0906B4}"
	ProjectSection(ProjectDependencies) = postProject
		{3F7B8BC6-FA0C-4E08-8F7E-D6CD97E7581B} = {3F7B8BC6-FA0C-4E08-8F7E-D6CD97E7581B}
	EndProjectSection
EndProject
Project("{2150E333-8FDC-42A3-9474-1A3956D46DE8}") = "Solution Items", "Solution Items", "{BC723F63-F0D7-4CC4-8789-D6A7DD8AA6E1}"
	ProjectSection(SolutionItems) = preProject
		LICENSE = LICENSE
		msbuild.proj = msbuild.proj
		README.md = README.md
	EndProjectSection
EndProject
Project("{2150E333-8FDC-42A3-9474-1A3956D46DE8}") = "pvr.hdhomerundvr", "pvr.hdhomerundvr", "{ADB6AA8A-8216-4963-8E01-B8439B5C3FAF}"
	ProjectSection(SolutionItems) = preProject
		pvr.hdhomerundvr\addon.xml = pvr.hdhomerundvr\addon.xml
		pvr.hdhomerundvr\icon.png = pvr.hdhomerundvr\icon.png
		pvr.hdhomerundvr\README.md = pvr.hdhomerundvr\README.md
	EndProjectSection
EndProject
Project("{2150E333-8FDC-42A3-9474-1A3956D46DE8}") = "resources", "resources", "{AE3C3D3D-5525-4E65-9944-3CFF8718778F}"
	ProjectSection(SolutionItems) = preProject
		pvr.hdhomerundvr\resources\settings.xml = pvr.hdhomerundvr\resources\settings.xml
	EndProjectSection
EndProject
Project("{2150E333-8FDC-42A3-9474-1A3956D46DE8}") = "language", "language", "{AB93AD67-82B8-4012-9299-C301D583CAE2}"
EndProject
Project("{2150E333-8FDC-42A3-9474-1A3956D46DE8}") = "resource.language.en_us", "resource.language.en_us", "{A32210DB-B4C6-410C-8B9D-5B4BE3CA5A2E}"
	ProjectSection(SolutionItems) = preProject
		pvr.hdhomerundvr\resources\language\resource.language.en_us\strings.po = pvr.hdhomerundvr\resources\language\resource.language.en_us\strings.po
	EndProjectSection
EndProject
Project("{8BC9CEB8-8B4A-11D0-8D11-00A0C91BC942}") = "version", "src\version.vcxproj", "{3F7B8BC6-FA0C-4E08-8F7E-D6CD97E7581B}"
EndProject
Global
	GlobalSection(SolutionConfigurationPlatforms) = preSolution
		Debug|Win32 = Debug|Win32
		Release|Win32 = Release|Win32
	EndGlobalSection
	GlobalSection(ProjectConfigurationPlatforms) = postSolution
		{5B5A17F1-4312-4A64-A796-2818CE0906B4}.Debug|Win32.ActiveCfg = Debug|Win32
		{5B5A17F1-4312-4A64-A796-2818CE0906B4}.Debug|Win32.Build.0 = Debug|Win32
		{5B5A17F1-4312-4A64-A796-2818CE0906B4}.Release|Win32.ActiveCfg = Release|Win32
		{5B5A17F1-4312-4A64-A796-2818CE0906B4}.Release|Win32.Build.0 = Release|Win32
		{3F7B8BC6-FA0C-4E08-8F7E-D6CD97E7581B}.Debug|Win32.ActiveCfg = Debug|Win32
		{3F7B8BC6-FA0C-4E08-8F7E-D6CD97E7581B}.Debug|Win32.Build.0 = Debug|Win32
		{3F7B8BC6-FA0C-4E08-8F7E-D6CD97E7581B}.Release|Win32.ActiveCfg = Release|Win32
		{3F7B8BC6-FA0C-4E08-8F7E-D6CD97E7581B}.Release|Win32.Build.0 = Release|Win32
	EndGlobalSection
	GlobalSection(SolutionProperties) = preSolution
		HideSolutionNode = FALSE
	EndGlobalSection
	GlobalSection(NestedProjects) = preSolution
		{ADB6AA8A-8216-4963-8E01-B8439B5C3FAF} = {BC723F63-F0D7-4CC4-8789-D6A7DD8AA6E1}
		{AE3C3D3D-5525-4E65-9944-3CFF8718778F} = {ADB6AA8A-8216-4963-8E01-B8439B5C3FAF}
		{AB93AD67-82B8-4012-9299-C301D583CAE2} = {AE3C3D3D-5525-4E65-9944-3CFF8718778F}
		{A32210DB-B4C6-410C-8B9D-5B4BE3CA5A2E} = {AB93AD67-82B8-4012-9299-C301D583CAE2}
	EndGlobalSection
EndGlobal
