<?xml version="1.0" encoding="utf-8"?>
<Project ToolsVersion="4.0" xmlns="http://schemas.microsoft.com/developer/msbuild/2003">
  <ItemGroup>
    <Filter Include="Source Files">
      <UniqueIdentifier>{4FC737F1-C7A5-4376-A066-2A32D752A2FF}</UniqueIdentifier>
      <Extensions>cpp;c;cc;cxx;def;odl;idl;hpj;bat;asm;asmx</Extensions>
    </Filter>
    <Filter Include="Generated Files">
      <UniqueIdentifier>{81a0e500-f35f-4ba5-a9b8-4c4d9302f4cb}</UniqueIdentifier>
      <SourceControlFiles>False</SourceControlFiles>
    </Filter>
  </ItemGroup>
  <ItemGroup>
    <CustomBuild Include="addon.xml.tt">
      <Filter>Source Files</Filter>
    </CustomBuild>
  </ItemGroup>
  <ItemGroup>
    <Xml Include="..\tmp\addon-android.xml">
      <Filter>Generated Files</Filter>
    </Xml>
    <Xml Include="..\tmp\addon-linux.xml">
      <Filter>Generated Files</Filter>
    </Xml>
    <Xml Include="..\tmp\addon-osx.xml">
      <Filter>Generated Files</Filter>
    </Xml>
    <Xml Include="..\tmp\addon-windows.xml">
      <Filter>Generated Files</Filter>
    </Xml>
    <Xml Include="..\tmp\addon-uwp.xml">
      <Filter>Generated Files</Filter>
    </Xml>
  </ItemGroup>
</Project>